
Microsoft Visual Studio Solution File, Format Version 12.00
# Visual Studio Version 16
VisualStudioVersion = 16.0.30413.136
MinimumVisualStudioVersion = 10.0.40219.1
Project("{8BC9CEB8-8B4A-11D0-8D11-00A0C91BC942}") = "SDExam", "SDExam\SDExam.vcxproj", "{4E5158BB-9FFB-4CEC-B365-100A1E4DD767}"
EndProject
Global
	GlobalSection(SolutionConfigurationPlatforms) = preSolution
		Debug|x64 = Debug|x64
		Debug|x86 = Debug|x86
		Release|x64 = Release|x64
		Release|x86 = Release|x86
	EndGlobalSection
	GlobalSection(ProjectConfigurationPlatforms) = postSolution
		{4E5158BB-9FFB-4CEC-B365-100A1E4DD767}.Debug|x64.ActiveCfg = Debug|x64
		{4E5158BB-9FFB-4CEC-B365-100A1E4DD767}.Debug|x64.Build.0 = Debug|x64
		{4E5158BB-9FFB-4CEC-B365-100A1E4DD767}.Debug|x86.ActiveCfg = Debug|Win32
		{4E5158BB-9FFB-4CEC-B365-100A1E4DD767}.Debug|x86.Build.0 = Debug|Win32
		{4E5158BB-9FFB-4CEC-B365-100A1E4DD767}.Release|x64.ActiveCfg = Release|x64
		{4E5158BB-9FFB-4CEC-B365-100A1E4DD767}.Release|x64.Build.0 = Release|x64
		{4E5158BB-9FFB-4CEC-B365-100A1E4DD767}.Release|x86.ActiveCfg = Release|Win32
		{4E5158BB-9FFB-4CEC-B365-100A1E4DD767}.Release|x86.Build.0 = Release|Win32
	EndGlobalSection
	GlobalSection(SolutionProperties) = preSolution
		HideSolutionNode = FALSE
	EndGlobalSection
	GlobalSection(ExtensibilityGlobals) = postSolution
		SolutionGuid = {DFFC192F-B639-4F27-8CFF-B2B2A1D8E1E6}
	EndGlobalSection
EndGlobal
